
Microsoft Visual Studio Solution File, Format Version 12.00
# Visual Studio Version 16
VisualStudioVersion = 16.0.31727.386
MinimumVisualStudioVersion = 10.0.40219.1
Project("{8BC9CEB8-8B4A-11D0-8D11-00A0C91BC942}") = "Day06", "Day06\Day06.vcxproj", "{DA9FAD24-C632-4D72-A344-6B27807CD89D}"
EndProject
Global
	GlobalSection(SolutionConfigurationPlatforms) = preSolution
		Debug|x64 = Debug|x64
		Debug|x86 = Debug|x86
		Release|x64 = Release|x64
		Release|x86 = Release|x86
	EndGlobalSection
	GlobalSection(ProjectConfigurationPlatforms) = postSolution
		{DA9FAD24-C632-4D72-A344-6B27807CD89D}.Debug|x64.ActiveCfg = Debug|x64
		{DA9FAD24-C632-4D72-A344-6B27807CD89D}.Debug|x64.Build.0 = Debug|x64
		{DA9FAD24-C632-4D72-A344-6B27807CD89D}.Debug|x86.ActiveCfg = Debug|Win32
		{DA9FAD24-C632-4D72-A344-6B27807CD89D}.Debug|x86.Build.0 = Debug|Win32
		{DA9FAD24-C632-4D72-A344-6B27807CD89D}.Release|x64.ActiveCfg = Release|x64
		{DA9FAD24-C632-4D72-A344-6B27807CD89D}.Release|x64.Build.0 = Release|x64
		{DA9FAD24-C632-4D72-A344-6B27807CD89D}.Release|x86.ActiveCfg = Release|Win32
		{DA9FAD24-C632-4D72-A344-6B27807CD89D}.Release|x86.Build.0 = Release|Win32
	EndGlobalSection
	GlobalSection(SolutionProperties) = preSolution
		HideSolutionNode = FALSE
	EndGlobalSection
	GlobalSection(ExtensibilityGlobals) = postSolution
		SolutionGuid = {44F53114-29C6-4746-8D19-183B84D311A8}
	EndGlobalSection
EndGlobal
